// !$*UTF8*$!
{
	archiveVersion = 1;
	classes = {
	};
	objectVersion = 55;
	objects = {

/* Begin PBXBuildFile section */
		52152B9028EC2D44009DE785 /* PostsAPI.swift in Sources */ = {isa = PBXBuildFile; fileRef = 52152B8F28EC2D44009DE785 /* PostsAPI.swift */; };
		521B374328D33C0200F1DAE4 /* ProfileVC.swift in Sources */ = {isa = PBXBuildFile; fileRef = 521B374228D33C0200F1DAE4 /* ProfileVC.swift */; };
		524D592728F845C500DD6081 /* ProfileAPI.swift in Sources */ = {isa = PBXBuildFile; fileRef = 524D592628F845C400DD6081 /* ProfileAPI.swift */; };
		524D592928F8464300DD6081 /* API.swift in Sources */ = {isa = PBXBuildFile; fileRef = 524D592828F8464300DD6081 /* API.swift */; };
		524D592C28F8DEFB00DD6081 /* AddAPI.swift in Sources */ = {isa = PBXBuildFile; fileRef = 524D592B28F8DEFB00DD6081 /* AddAPI.swift */; };
		524D592F28F8E04100DD6081 /* AddVC.swift in Sources */ = {isa = PBXBuildFile; fileRef = 524D592E28F8E04100DD6081 /* AddVC.swift */; };
		524D593128F8E53400DD6081 /* SignInAPI.swift in Sources */ = {isa = PBXBuildFile; fileRef = 524D593028F8E53400DD6081 /* SignInAPI.swift */; };
		524D593328F8E80D00DD6081 /* token.swift in Sources */ = {isa = PBXBuildFile; fileRef = 524D593228F8E80D00DD6081 /* token.swift */; };
		5266C98928BCCCA500B61B3B /* FeedVC.swift in Sources */ = {isa = PBXBuildFile; fileRef = 5266C98828BCCCA500B61B3B /* FeedVC.swift */; };
		5274614928D88CC6009427B2 /* Request.swift in Sources */ = {isa = PBXBuildFile; fileRef = 5274614828D88CC6009427B2 /* Request.swift */; };
		5281CF6B28C8BF6100584BE1 /* Assets.xcassets in Resources */ = {isa = PBXBuildFile; fileRef = 5281CF6628C8BF6000584BE1 /* Assets.xcassets */; };
		52D95A3928BF5E82007F7B2F /* CustomCell.swift in Sources */ = {isa = PBXBuildFile; fileRef = 52D95A3828BF5E82007F7B2F /* CustomCell.swift */; };
		52EA581F28B8413B007D7283 /* TabBarController.swift in Sources */ = {isa = PBXBuildFile; fileRef = 52EA581E28B8413B007D7283 /* TabBarController.swift */; };
		52EB706228B4D13000E5FD28 /* SignInVC.swift in Sources */ = {isa = PBXBuildFile; fileRef = 52EB706128B4D13000E5FD28 /* SignInVC.swift */; };
		6004118FB33CD2A831F578A9 /* Pods_MenToMen.framework in Frameworks */ = {isa = PBXBuildFile; fileRef = D17BA5D968B67589B004BCB1 /* Pods_MenToMen.framework */; };
		93C8265828B4CFA500B46604 /* AppDelegate.swift in Sources */ = {isa = PBXBuildFile; fileRef = 93C8265728B4CFA500B46604 /* AppDelegate.swift */; };
		93C8265A28B4CFA500B46604 /* SceneDelegate.swift in Sources */ = {isa = PBXBuildFile; fileRef = 93C8265928B4CFA500B46604 /* SceneDelegate.swift */; };
		93C8266428B4CFA600B46604 /* LaunchScreen.storyboard in Resources */ = {isa = PBXBuildFile; fileRef = 93C8266228B4CFA600B46604 /* LaunchScreen.storyboard */; };
/* End PBXBuildFile section */

/* Begin PBXFileReference section */
		25F49518E24E2E3E0BC5F7A6 /* Pods-MenToMen.release.xcconfig */ = {isa = PBXFileReference; includeInIndex = 1; lastKnownFileType = text.xcconfig; name = "Pods-MenToMen.release.xcconfig"; path = "Target Support Files/Pods-MenToMen/Pods-MenToMen.release.xcconfig"; sourceTree = "<group>"; };
		4BA2227F3CBE68C87F040E18 /* Pods-MenToMen.debug.xcconfig */ = {isa = PBXFileReference; includeInIndex = 1; lastKnownFileType = text.xcconfig; name = "Pods-MenToMen.debug.xcconfig"; path = "Target Support Files/Pods-MenToMen/Pods-MenToMen.debug.xcconfig"; sourceTree = "<group>"; };
		52152B8F28EC2D44009DE785 /* PostsAPI.swift */ = {isa = PBXFileReference; lastKnownFileType = sourcecode.swift; path = PostsAPI.swift; sourceTree = "<group>"; };
		521B374128D1BD9B00F1DAE4 /* MenToMen.app */ = {isa = PBXFileReference; explicitFileType = wrapper.application; includeInIndex = 0; path = MenToMen.app; sourceTree = BUILT_PRODUCTS_DIR; };
		521B374228D33C0200F1DAE4 /* ProfileVC.swift */ = {isa = PBXFileReference; lastKnownFileType = sourcecode.swift; path = ProfileVC.swift; sourceTree = "<group>"; };
		524D592628F845C400DD6081 /* ProfileAPI.swift */ = {isa = PBXFileReference; lastKnownFileType = sourcecode.swift; path = ProfileAPI.swift; sourceTree = "<group>"; };
		524D592828F8464300DD6081 /* API.swift */ = {isa = PBXFileReference; lastKnownFileType = sourcecode.swift; path = API.swift; sourceTree = "<group>"; };
		524D592B28F8DEFB00DD6081 /* AddAPI.swift */ = {isa = PBXFileReference; lastKnownFileType = sourcecode.swift; path = AddAPI.swift; sourceTree = "<group>"; };
		524D592E28F8E04100DD6081 /* AddVC.swift */ = {isa = PBXFileReference; lastKnownFileType = sourcecode.swift; path = AddVC.swift; sourceTree = "<group>"; };
		524D593028F8E53400DD6081 /* SignInAPI.swift */ = {isa = PBXFileReference; lastKnownFileType = sourcecode.swift; path = SignInAPI.swift; sourceTree = "<group>"; };
		524D593228F8E80D00DD6081 /* token.swift */ = {isa = PBXFileReference; lastKnownFileType = sourcecode.swift; path = token.swift; sourceTree = "<group>"; };
		5266C98828BCCCA500B61B3B /* FeedVC.swift */ = {isa = PBXFileReference; lastKnownFileType = sourcecode.swift; path = FeedVC.swift; sourceTree = "<group>"; };
		5274614828D88CC6009427B2 /* Request.swift */ = {isa = PBXFileReference; lastKnownFileType = sourcecode.swift; path = Request.swift; sourceTree = "<group>"; };
		5281CF6628C8BF6000584BE1 /* Assets.xcassets */ = {isa = PBXFileReference; lastKnownFileType = folder.assetcatalog; name = Assets.xcassets; path = ../../../Assets.xcassets; sourceTree = "<group>"; };
		52D95A3828BF5E82007F7B2F /* CustomCell.swift */ = {isa = PBXFileReference; lastKnownFileType = sourcecode.swift; path = CustomCell.swift; sourceTree = "<group>"; };
		52EA581E28B8413B007D7283 /* TabBarController.swift */ = {isa = PBXFileReference; lastKnownFileType = sourcecode.swift; path = TabBarController.swift; sourceTree = "<group>"; };
		52EB706128B4D13000E5FD28 /* SignInVC.swift */ = {isa = PBXFileReference; lastKnownFileType = sourcecode.swift; path = SignInVC.swift; sourceTree = "<group>"; };
		93C8265728B4CFA500B46604 /* AppDelegate.swift */ = {isa = PBXFileReference; lastKnownFileType = sourcecode.swift; path = AppDelegate.swift; sourceTree = "<group>"; };
		93C8265928B4CFA500B46604 /* SceneDelegate.swift */ = {isa = PBXFileReference; lastKnownFileType = sourcecode.swift; path = SceneDelegate.swift; sourceTree = "<group>"; };
		93C8266328B4CFA600B46604 /* Base */ = {isa = PBXFileReference; lastKnownFileType = file.storyboard; name = Base; path = Base.lproj/LaunchScreen.storyboard; sourceTree = "<group>"; };
		93C8266528B4CFA600B46604 /* Info.plist */ = {isa = PBXFileReference; lastKnownFileType = text.plist.xml; path = Info.plist; sourceTree = "<group>"; };
		D17BA5D968B67589B004BCB1 /* Pods_MenToMen.framework */ = {isa = PBXFileReference; explicitFileType = wrapper.framework; includeInIndex = 0; path = Pods_MenToMen.framework; sourceTree = BUILT_PRODUCTS_DIR; };
/* End PBXFileReference section */

/* Begin PBXFrameworksBuildPhase section */
		93C8265128B4CFA500B46604 /* Frameworks */ = {
			isa = PBXFrameworksBuildPhase;
			buildActionMask = 2147483647;
			files = (
				6004118FB33CD2A831F578A9 /* Pods_MenToMen.framework in Frameworks */,
			);
			runOnlyForDeploymentPostprocessing = 0;
		};
/* End PBXFrameworksBuildPhase section */

/* Begin PBXGroup section */
		521B374428D33C8400F1DAE4 /* profile */ = {
			isa = PBXGroup;
			children = (
				521B374228D33C0200F1DAE4 /* ProfileVC.swift */,
				524D592628F845C400DD6081 /* ProfileAPI.swift */,
			);
			name = profile;
			sourceTree = "<group>";
		};
		524D592A28F8DEE900DD6081 /* Add */ = {
			isa = PBXGroup;
			children = (
				524D592B28F8DEFB00DD6081 /* AddAPI.swift */,
				524D592E28F8E04100DD6081 /* AddVC.swift */,
			);
			path = Add;
			sourceTree = "<group>";
		};
		5266C98A28BCCCAB00B61B3B /* feed */ = {
			isa = PBXGroup;
			children = (
				5266C98828BCCCA500B61B3B /* FeedVC.swift */,
				52152B8F28EC2D44009DE785 /* PostsAPI.swift */,
				52D95A3828BF5E82007F7B2F /* CustomCell.swift */,
			);
			path = feed;
			sourceTree = "<group>";
		};
		52EB707128B4D47100E5FD28 /* Presentation */ = {
			isa = PBXGroup;
			children = (
				524D592828F8464300DD6081 /* API.swift */,
				5266C98A28BCCCAB00B61B3B /* feed */,
				52EB707228B4D47E00E5FD28 /* Auth */,
				521B374428D33C8400F1DAE4 /* profile */,
				52EA581E28B8413B007D7283 /* TabBarController.swift */,
				524D592A28F8DEE900DD6081 /* Add */,
				5274614828D88CC6009427B2 /* Request.swift */,
			);
			path = Presentation;
			sourceTree = "<group>";
		};
		52EB707228B4D47E00E5FD28 /* Auth */ = {
			isa = PBXGroup;
			children = (
				52EB707328B4D48600E5FD28 /* Sign */,
			);
			path = Auth;
			sourceTree = "<group>";
		};
		52EB707328B4D48600E5FD28 /* Sign */ = {
			isa = PBXGroup;
			children = (
				52EB706128B4D13000E5FD28 /* SignInVC.swift */,
				524D593028F8E53400DD6081 /* SignInAPI.swift */,
				524D593228F8E80D00DD6081 /* token.swift */,
			);
			path = Sign;
			sourceTree = "<group>";
		};
		8EB2153CEE5A7073EA067A2F /* Pods */ = {
			isa = PBXGroup;
			children = (
				4BA2227F3CBE68C87F040E18 /* Pods-MenToMen.debug.xcconfig */,
				25F49518E24E2E3E0BC5F7A6 /* Pods-MenToMen.release.xcconfig */,
			);
			path = Pods;
			sourceTree = "<group>";
		};
		93C8264B28B4CFA500B46604 = {
			isa = PBXGroup;
			children = (
				93C8265628B4CFA500B46604 /* MenToMen */,
				8EB2153CEE5A7073EA067A2F /* Pods */,
				521B374128D1BD9B00F1DAE4 /* MenToMen.app */,
				CD43A781FC6926C6F509D847 /* Frameworks */,
			);
			sourceTree = "<group>";
		};
		93C8265628B4CFA500B46604 /* MenToMen */ = {
			isa = PBXGroup;
			children = (
				93C8265728B4CFA500B46604 /* AppDelegate.swift */,
				93C8265928B4CFA500B46604 /* SceneDelegate.swift */,
				93C8266228B4CFA600B46604 /* LaunchScreen.storyboard */,
				5281CF6628C8BF6000584BE1 /* Assets.xcassets */,
				93C8266528B4CFA600B46604 /* Info.plist */,
				52EB707128B4D47100E5FD28 /* Presentation */,
			);
			path = MenToMen;
			sourceTree = "<group>";
		};
		CD43A781FC6926C6F509D847 /* Frameworks */ = {
			isa = PBXGroup;
			children = (
				D17BA5D968B67589B004BCB1 /* Pods_MenToMen.framework */,
			);
			name = Frameworks;
			sourceTree = "<group>";
		};
/* End PBXGroup section */

/* Begin PBXNativeTarget section */
		93C8265328B4CFA500B46604 /* MenToMen */ = {
			isa = PBXNativeTarget;
			buildConfigurationList = 93C8267E28B4CFA600B46604 /* Build configuration list for PBXNativeTarget "MenToMen" */;
			buildPhases = (
				390DC4FE33E144168ABCDF85 /* [CP] Check Pods Manifest.lock */,
				93C8265028B4CFA500B46604 /* Sources */,
				93C8265128B4CFA500B46604 /* Frameworks */,
				93C8265228B4CFA500B46604 /* Resources */,
				3F972B103B6673113C549C2A /* [CP] Embed Pods Frameworks */,
			);
			buildRules = (
			);
			dependencies = (
			);
			name = MenToMen;
			productName = MenToMen;
			productReference = 521B374128D1BD9B00F1DAE4 /* MenToMen.app */;
			productType = "com.apple.product-type.application";
		};
/* End PBXNativeTarget section */

/* Begin PBXProject section */
		93C8264C28B4CFA500B46604 /* Project object */ = {
			isa = PBXProject;
			attributes = {
				BuildIndependentTargetsInParallel = 1;
				LastSwiftUpdateCheck = 1330;
				LastUpgradeCheck = 1330;
				TargetAttributes = {
					93C8265328B4CFA500B46604 = {
						CreatedOnToolsVersion = 13.3.1;
					};
				};
			};
			buildConfigurationList = 93C8264F28B4CFA500B46604 /* Build configuration list for PBXProject "MenToMen" */;
			compatibilityVersion = "Xcode 13.0";
			developmentRegion = en;
			hasScannedForEncodings = 0;
			knownRegions = (
				en,
				Base,
			);
			mainGroup = 93C8264B28B4CFA500B46604;
			productRefGroup = 93C8264B28B4CFA500B46604;
			projectDirPath = "";
			projectRoot = "";
			targets = (
				93C8265328B4CFA500B46604 /* MenToMen */,
			);
		};
/* End PBXProject section */

/* Begin PBXResourcesBuildPhase section */
		93C8265228B4CFA500B46604 /* Resources */ = {
			isa = PBXResourcesBuildPhase;
			buildActionMask = 2147483647;
			files = (
				5281CF6B28C8BF6100584BE1 /* Assets.xcassets in Resources */,
				93C8266428B4CFA600B46604 /* LaunchScreen.storyboard in Resources */,
			);
			runOnlyForDeploymentPostprocessing = 0;
		};
/* End PBXResourcesBuildPhase section */

/* Begin PBXShellScriptBuildPhase section */
		390DC4FE33E144168ABCDF85 /* [CP] Check Pods Manifest.lock */ = {
			isa = PBXShellScriptBuildPhase;
			buildActionMask = 2147483647;
			files = (
			);
			inputFileListPaths = (
			);
			inputPaths = (
				"${PODS_PODFILE_DIR_PATH}/Podfile.lock",
				"${PODS_ROOT}/Manifest.lock",
			);
			name = "[CP] Check Pods Manifest.lock";
			outputFileListPaths = (
			);
			outputPaths = (
				"$(DERIVED_FILE_DIR)/Pods-MenToMen-checkManifestLockResult.txt",
			);
			runOnlyForDeploymentPostprocessing = 0;
			shellPath = /bin/sh;
			shellScript = "diff \"${PODS_PODFILE_DIR_PATH}/Podfile.lock\" \"${PODS_ROOT}/Manifest.lock\" > /dev/null\nif [ $? != 0 ] ; then\n    # print error to STDERR\n    echo \"error: The sandbox is not in sync with the Podfile.lock. Run 'pod install' or update your CocoaPods installation.\" >&2\n    exit 1\nfi\n# This output is used by Xcode 'outputs' to avoid re-running this script phase.\necho \"SUCCESS\" > \"${SCRIPT_OUTPUT_FILE_0}\"\n";
			showEnvVarsInLog = 0;
		};
		3F972B103B6673113C549C2A /* [CP] Embed Pods Frameworks */ = {
			isa = PBXShellScriptBuildPhase;
			buildActionMask = 2147483647;
			files = (
			);
			inputFileListPaths = (
				"${PODS_ROOT}/Target Support Files/Pods-MenToMen/Pods-MenToMen-frameworks-${CONFIGURATION}-input-files.xcfilelist",
			);
			name = "[CP] Embed Pods Frameworks";
			outputFileListPaths = (
				"${PODS_ROOT}/Target Support Files/Pods-MenToMen/Pods-MenToMen-frameworks-${CONFIGURATION}-output-files.xcfilelist",
			);
			runOnlyForDeploymentPostprocessing = 0;
			shellPath = /bin/sh;
			shellScript = "\"${PODS_ROOT}/Target Support Files/Pods-MenToMen/Pods-MenToMen-frameworks.sh\"\n";
			showEnvVarsInLog = 0;
		};
/* End PBXShellScriptBuildPhase section */

/* Begin PBXSourcesBuildPhase section */
		93C8265028B4CFA500B46604 /* Sources */ = {
			isa = PBXSourcesBuildPhase;
			buildActionMask = 2147483647;
			files = (
				52152B9028EC2D44009DE785 /* PostsAPI.swift in Sources */,
				524D592728F845C500DD6081 /* ProfileAPI.swift in Sources */,
				524D592F28F8E04100DD6081 /* AddVC.swift in Sources */,
				52D95A3928BF5E82007F7B2F /* CustomCell.swift in Sources */,
				93C8265828B4CFA500B46604 /* AppDelegate.swift in Sources */,
				524D592928F8464300DD6081 /* API.swift in Sources */,
				5274614928D88CC6009427B2 /* Request.swift in Sources */,
				524D593328F8E80D00DD6081 /* token.swift in Sources */,
				521B374328D33C0200F1DAE4 /* ProfileVC.swift in Sources */,
				52EA581F28B8413B007D7283 /* TabBarController.swift in Sources */,
				524D593128F8E53400DD6081 /* SignInAPI.swift in Sources */,
				93C8265A28B4CFA500B46604 /* SceneDelegate.swift in Sources */,
				524D592C28F8DEFB00DD6081 /* AddAPI.swift in Sources */,
				5266C98928BCCCA500B61B3B /* FeedVC.swift in Sources */,
				52EB706228B4D13000E5FD28 /* SignInVC.swift in Sources */,
			);
			runOnlyForDeploymentPostprocessing = 0;
		};
/* End PBXSourcesBuildPhase section */

/* Begin PBXVariantGroup section */
		93C8266228B4CFA600B46604 /* LaunchScreen.storyboard */ = {
			isa = PBXVariantGroup;
			children = (
				93C8266328B4CFA600B46604 /* Base */,
			);
			name = LaunchScreen.storyboard;
			sourceTree = "<group>";
		};
/* End PBXVariantGroup section */

/* Begin XCBuildConfiguration section */
		93C8267C28B4CFA600B46604 /* Debug */ = {
			isa = XCBuildConfiguration;
			buildSettings = {
				ALWAYS_SEARCH_USER_PATHS = NO;
				CLANG_ANALYZER_NONNULL = YES;
				CLANG_ANALYZER_NUMBER_OBJECT_CONVERSION = YES_AGGRESSIVE;
				CLANG_CXX_LANGUAGE_STANDARD = "gnu++17";
				CLANG_ENABLE_MODULES = YES;
				CLANG_ENABLE_OBJC_ARC = YES;
				CLANG_ENABLE_OBJC_WEAK = YES;
				CLANG_WARN_BLOCK_CAPTURE_AUTORELEASING = YES;
				CLANG_WARN_BOOL_CONVERSION = YES;
				CLANG_WARN_COMMA = YES;
				CLANG_WARN_CONSTANT_CONVERSION = YES;
				CLANG_WARN_DEPRECATED_OBJC_IMPLEMENTATIONS = YES;
				CLANG_WARN_DIRECT_OBJC_ISA_USAGE = YES_ERROR;
				CLANG_WARN_DOCUMENTATION_COMMENTS = YES;
				CLANG_WARN_EMPTY_BODY = YES;
				CLANG_WARN_ENUM_CONVERSION = YES;
				CLANG_WARN_INFINITE_RECURSION = YES;
				CLANG_WARN_INT_CONVERSION = YES;
				CLANG_WARN_NON_LITERAL_NULL_CONVERSION = YES;
				CLANG_WARN_OBJC_IMPLICIT_RETAIN_SELF = YES;
				CLANG_WARN_OBJC_LITERAL_CONVERSION = YES;
				CLANG_WARN_OBJC_ROOT_CLASS = YES_ERROR;
				CLANG_WARN_QUOTED_INCLUDE_IN_FRAMEWORK_HEADER = YES;
				CLANG_WARN_RANGE_LOOP_ANALYSIS = YES;
				CLANG_WARN_STRICT_PROTOTYPES = YES;
				CLANG_WARN_SUSPICIOUS_MOVE = YES;
				CLANG_WARN_UNGUARDED_AVAILABILITY = YES_AGGRESSIVE;
				CLANG_WARN_UNREACHABLE_CODE = YES;
				CLANG_WARN__DUPLICATE_METHOD_MATCH = YES;
				COPY_PHASE_STRIP = NO;
				DEBUG_INFORMATION_FORMAT = dwarf;
				ENABLE_STRICT_OBJC_MSGSEND = YES;
				ENABLE_TESTABILITY = YES;
				GCC_C_LANGUAGE_STANDARD = gnu11;
				GCC_DYNAMIC_NO_PIC = NO;
				GCC_NO_COMMON_BLOCKS = YES;
				GCC_OPTIMIZATION_LEVEL = 0;
				GCC_PREPROCESSOR_DEFINITIONS = (
					"DEBUG=1",
					"$(inherited)",
				);
				GCC_WARN_64_TO_32_BIT_CONVERSION = YES;
				GCC_WARN_ABOUT_RETURN_TYPE = YES_ERROR;
				GCC_WARN_UNDECLARED_SELECTOR = YES;
				GCC_WARN_UNINITIALIZED_AUTOS = YES_AGGRESSIVE;
				GCC_WARN_UNUSED_FUNCTION = YES;
				GCC_WARN_UNUSED_VARIABLE = YES;
				IPHONEOS_DEPLOYMENT_TARGET = 16.0;
				MTL_ENABLE_DEBUG_INFO = INCLUDE_SOURCE;
				MTL_FAST_MATH = YES;
				ONLY_ACTIVE_ARCH = YES;
				SDKROOT = iphoneos;
				SWIFT_ACTIVE_COMPILATION_CONDITIONS = DEBUG;
				SWIFT_OPTIMIZATION_LEVEL = "-Onone";
			};
			name = Debug;
		};
		93C8267D28B4CFA600B46604 /* Release */ = {
			isa = XCBuildConfiguration;
			buildSettings = {
				ALWAYS_SEARCH_USER_PATHS = NO;
				CLANG_ANALYZER_NONNULL = YES;
				CLANG_ANALYZER_NUMBER_OBJECT_CONVERSION = YES_AGGRESSIVE;
				CLANG_CXX_LANGUAGE_STANDARD = "gnu++17";
				CLANG_ENABLE_MODULES = YES;
				CLANG_ENABLE_OBJC_ARC = YES;
				CLANG_ENABLE_OBJC_WEAK = YES;
				CLANG_WARN_BLOCK_CAPTURE_AUTORELEASING = YES;
				CLANG_WARN_BOOL_CONVERSION = YES;
				CLANG_WARN_COMMA = YES;
				CLANG_WARN_CONSTANT_CONVERSION = YES;
				CLANG_WARN_DEPRECATED_OBJC_IMPLEMENTATIONS = YES;
				CLANG_WARN_DIRECT_OBJC_ISA_USAGE = YES_ERROR;
				CLANG_WARN_DOCUMENTATION_COMMENTS = YES;
				CLANG_WARN_EMPTY_BODY = YES;
				CLANG_WARN_ENUM_CONVERSION = YES;
				CLANG_WARN_INFINITE_RECURSION = YES;
				CLANG_WARN_INT_CONVERSION = YES;
				CLANG_WARN_NON_LITERAL_NULL_CONVERSION = YES;
				CLANG_WARN_OBJC_IMPLICIT_RETAIN_SELF = YES;
				CLANG_WARN_OBJC_LITERAL_CONVERSION = YES;
				CLANG_WARN_OBJC_ROOT_CLASS = YES_ERROR;
				CLANG_WARN_QUOTED_INCLUDE_IN_FRAMEWORK_HEADER = YES;
				CLANG_WARN_RANGE_LOOP_ANALYSIS = YES;
				CLANG_WARN_STRICT_PROTOTYPES = YES;
				CLANG_WARN_SUSPICIOUS_MOVE = YES;
				CLANG_WARN_UNGUARDED_AVAILABILITY = YES_AGGRESSIVE;
				CLANG_WARN_UNREACHABLE_CODE = YES;
				CLANG_WARN__DUPLICATE_METHOD_MATCH = YES;
				COPY_PHASE_STRIP = NO;
				DEBUG_INFORMATION_FORMAT = "dwarf-with-dsym";
				ENABLE_NS_ASSERTIONS = NO;
				ENABLE_STRICT_OBJC_MSGSEND = YES;
				GCC_C_LANGUAGE_STANDARD = gnu11;
				GCC_NO_COMMON_BLOCKS = YES;
				GCC_WARN_64_TO_32_BIT_CONVERSION = YES;
				GCC_WARN_ABOUT_RETURN_TYPE = YES_ERROR;
				GCC_WARN_UNDECLARED_SELECTOR = YES;
				GCC_WARN_UNINITIALIZED_AUTOS = YES_AGGRESSIVE;
				GCC_WARN_UNUSED_FUNCTION = YES;
				GCC_WARN_UNUSED_VARIABLE = YES;
				IPHONEOS_DEPLOYMENT_TARGET = 16.0;
				MTL_ENABLE_DEBUG_INFO = NO;
				MTL_FAST_MATH = YES;
				SDKROOT = iphoneos;
				SWIFT_COMPILATION_MODE = wholemodule;
				SWIFT_OPTIMIZATION_LEVEL = "-O";
				VALIDATE_PRODUCT = YES;
			};
			name = Release;
		};
		93C8267F28B4CFA600B46604 /* Debug */ = {
			isa = XCBuildConfiguration;
			baseConfigurationReference = 4BA2227F3CBE68C87F040E18 /* Pods-MenToMen.debug.xcconfig */;
			buildSettings = {
				ASSETCATALOG_COMPILER_APPICON_NAME = AppIcon;
				ASSETCATALOG_COMPILER_GLOBAL_ACCENT_COLOR_NAME = AccentColor;
				CODE_SIGN_STYLE = Automatic;
				CURRENT_PROJECT_VERSION = 1;
				DEVELOPMENT_TEAM = H4CNC953L3;
				GENERATE_INFOPLIST_FILE = YES;
				INFOPLIST_FILE = MenToMen/Info.plist;
				INFOPLIST_KEY_UIApplicationSupportsIndirectInputEvents = YES;
				INFOPLIST_KEY_UILaunchStoryboardName = LaunchScreen;
				INFOPLIST_KEY_UISupportedInterfaceOrientations_iPad = "UIInterfaceOrientationPortrait UIInterfaceOrientationPortraitUpsideDown UIInterfaceOrientationLandscapeLeft UIInterfaceOrientationLandscapeRight";
				INFOPLIST_KEY_UISupportedInterfaceOrientations_iPhone = "UIInterfaceOrientationPortrait UIInterfaceOrientationLandscapeLeft UIInterfaceOrientationLandscapeRight";
				LD_RUNPATH_SEARCH_PATHS = (
					"$(inherited)",
					"@executable_path/Frameworks",
				);
				MARKETING_VERSION = 1.0;
				PRODUCT_BUNDLE_IDENTIFIER = kr.dgsw.mingyu.MenToMen;
				PRODUCT_NAME = "$(TARGET_NAME)";
				SWIFT_EMIT_LOC_STRINGS = YES;
				SWIFT_VERSION = 5.0;
				TARGETED_DEVICE_FAMILY = "1,2";
			};
			name = Debug;
		};
		93C8268028B4CFA600B46604 /* Release */ = {
			isa = XCBuildConfiguration;
			baseConfigurationReference = 25F49518E24E2E3E0BC5F7A6 /* Pods-MenToMen.release.xcconfig */;
			buildSettings = {
				ASSETCATALOG_COMPILER_APPICON_NAME = AppIcon;
				ASSETCATALOG_COMPILER_GLOBAL_ACCENT_COLOR_NAME = AccentColor;
				CODE_SIGN_STYLE = Automatic;
				CURRENT_PROJECT_VERSION = 1;
				DEVELOPMENT_TEAM = 56V747V83R;
				GENERATE_INFOPLIST_FILE = YES;
				INFOPLIST_FILE = MenToMen/Info.plist;
				INFOPLIST_KEY_UIApplicationSupportsIndirectInputEvents = YES;
				INFOPLIST_KEY_UILaunchStoryboardName = LaunchScreen;
				INFOPLIST_KEY_UISupportedInterfaceOrientations_iPad = "UIInterfaceOrientationPortrait UIInterfaceOrientationPortraitUpsideDown UIInterfaceOrientationLandscapeLeft UIInterfaceOrientationLandscapeRight";
				INFOPLIST_KEY_UISupportedInterfaceOrientations_iPhone = "UIInterfaceOrientationPortrait UIInterfaceOrientationLandscapeLeft UIInterfaceOrientationLandscapeRight";
				LD_RUNPATH_SEARCH_PATHS = (
					"$(inherited)",
					"@executable_path/Frameworks",
				);
				MARKETING_VERSION = 1.0;
				PRODUCT_BUNDLE_IDENTIFIER = kr.dgsw.mingyu.MenToMen;
				PRODUCT_NAME = "$(TARGET_NAME)";
				SWIFT_EMIT_LOC_STRINGS = YES;
				SWIFT_VERSION = 5.0;
				TARGETED_DEVICE_FAMILY = "1,2";
			};
			name = Release;
		};
/* End XCBuildConfiguration section */

/* Begin XCConfigurationList section */
		93C8264F28B4CFA500B46604 /* Build configuration list for PBXProject "MenToMen" */ = {
			isa = XCConfigurationList;
			buildConfigurations = (
				93C8267C28B4CFA600B46604 /* Debug */,
				93C8267D28B4CFA600B46604 /* Release */,
			);
			defaultConfigurationIsVisible = 0;
			defaultConfigurationName = Release;
		};
		93C8267E28B4CFA600B46604 /* Build configuration list for PBXNativeTarget "MenToMen" */ = {
			isa = XCConfigurationList;
			buildConfigurations = (
				93C8267F28B4CFA600B46604 /* Debug */,
				93C8268028B4CFA600B46604 /* Release */,
			);
			defaultConfigurationIsVisible = 0;
			defaultConfigurationName = Release;
		};
/* End XCConfigurationList section */
	};
	rootObject = 93C8264C28B4CFA500B46604 /* Project object */;
}
